
Microsoft Visual Studio Solution File, Format Version 12.00
# Visual Studio Version 17
VisualStudioVersion = 17.9.34607.119
MinimumVisualStudioVersion = 10.0.40219.1
Project("{FAE04EC0-301F-11D3-BF4B-00C04F79EFBC}") = "Eray_Dogan_NTP", "Eray_Dogan_NTP\Eray_Dogan_NTP.csproj", "{729CE2A7-4E11-4642-8BE5-4F434BC65C1C}"
EndProject
Global
	GlobalSection(SolutionConfigurationPlatforms) = preSolution
		Debug|Any CPU = Debug|Any CPU
		Release|Any CPU = Release|Any CPU
	EndGlobalSection
	GlobalSection(ProjectConfigurationPlatforms) = postSolution
		{729CE2A7-4E11-4642-8BE5-4F434BC65C1C}.Debug|Any CPU.ActiveCfg = Debug|Any CPU
		{729CE2A7-4E11-4642-8BE5-4F434BC65C1C}.Debug|Any CPU.Build.0 = Debug|Any CPU
		{729CE2A7-4E11-4642-8BE5-4F434BC65C1C}.Release|Any CPU.ActiveCfg = Release|Any CPU
		{729CE2A7-4E11-4642-8BE5-4F434BC65C1C}.Release|Any CPU.Build.0 = Release|Any CPU
	EndGlobalSection
	GlobalSection(SolutionProperties) = preSolution
		HideSolutionNode = FALSE
	EndGlobalSection
	GlobalSection(ExtensibilityGlobals) = postSolution
		SolutionGuid = {4A9C6D9D-6FB9-4250-B28D-6CC760638D7A}
	EndGlobalSection
EndGlobal
